
Microsoft Visual Studio Solution File, Format Version 12.00
# Visual Studio Version 16
VisualStudioVersion = 16.0.30204.135
MinimumVisualStudioVersion = 10.0.40219.1
Project("{FAE04EC0-301F-11D3-BF4B-00C04F79EFBC}") = "GraphQL.Code.Generator", "GraphQL.Code.Generator\GraphQL.Code.Generator.csproj", "{84168169-1454-4FFA-890F-74E2BDC09C82}"
EndProject
Project("{FAE04EC0-301F-11D3-BF4B-00C04F79EFBC}") = "GraphQL.Code.Generator.Test", "GraphQL.Code.Generator.Test\GraphQL.Code.Generator.Test.csproj", "{9184F052-FB6B-491F-9326-0FFAF5A86A2A}"
EndProject
Global
	GlobalSection(SolutionConfigurationPlatforms) = preSolution
		Debug|Any CPU = Debug|Any CPU
		Release|Any CPU = Release|Any CPU
	EndGlobalSection
	GlobalSection(ProjectConfigurationPlatforms) = postSolution
		{84168169-1454-4FFA-890F-74E2BDC09C82}.Debug|Any CPU.ActiveCfg = Debug|Any CPU
		{84168169-1454-4FFA-890F-74E2BDC09C82}.Debug|Any CPU.Build.0 = Debug|Any CPU
		{84168169-1454-4FFA-890F-74E2BDC09C82}.Release|Any CPU.ActiveCfg = Release|Any CPU
		{84168169-1454-4FFA-890F-74E2BDC09C82}.Release|Any CPU.Build.0 = Release|Any CPU
		{9184F052-FB6B-491F-9326-0FFAF5A86A2A}.Debug|Any CPU.ActiveCfg = Debug|Any CPU
		{9184F052-FB6B-491F-9326-0FFAF5A86A2A}.Debug|Any CPU.Build.0 = Debug|Any CPU
		{9184F052-FB6B-491F-9326-0FFAF5A86A2A}.Release|Any CPU.ActiveCfg = Release|Any CPU
		{9184F052-FB6B-491F-9326-0FFAF5A86A2A}.Release|Any CPU.Build.0 = Release|Any CPU
	EndGlobalSection
	GlobalSection(SolutionProperties) = preSolution
		HideSolutionNode = FALSE
	EndGlobalSection
	GlobalSection(ExtensibilityGlobals) = postSolution
		SolutionGuid = {EA1CB894-9BE1-408C-B2ED-BBC919E0C38F}
	EndGlobalSection
EndGlobal
